
Microsoft Visual Studio Solution File, Format Version 12.00
# Visual Studio Version 16
VisualStudioVersion = 16.0.32510.428
MinimumVisualStudioVersion = 10.0.40219.1
Project("{FAE04EC0-301F-11D3-BF4B-00C04F79EFBC}") = "quanlithuvien", "quanlithuvien\quanlithuvien.csproj", "{A45B5327-DE55-4206-807C-B5C70448B93E}"
EndProject
Global
	GlobalSection(SolutionConfigurationPlatforms) = preSolution
		Debug|Any CPU = Debug|Any CPU
		Release|Any CPU = Release|Any CPU
	EndGlobalSection
	GlobalSection(ProjectConfigurationPlatforms) = postSolution
		{A45B5327-DE55-4206-807C-B5C70448B93E}.Debug|Any CPU.ActiveCfg = Debug|Any CPU
		{A45B5327-DE55-4206-807C-B5C70448B93E}.Debug|Any CPU.Build.0 = Debug|Any CPU
		{A45B5327-DE55-4206-807C-B5C70448B93E}.Release|Any CPU.ActiveCfg = Release|Any CPU
		{A45B5327-DE55-4206-807C-B5C70448B93E}.Release|Any CPU.Build.0 = Release|Any CPU
	EndGlobalSection
	GlobalSection(SolutionProperties) = preSolution
		HideSolutionNode = FALSE
	EndGlobalSection
	GlobalSection(ExtensibilityGlobals) = postSolution
		SolutionGuid = {76133D1E-5156-4E70-B81E-B889761A3701}
	EndGlobalSection
EndGlobal
